
Microsoft Visual Studio Solution File, Format Version 12.00
# Visual Studio Version 16
VisualStudioVersion = 16.0.28729.10
MinimumVisualStudioVersion = 10.0.40219.1
Project("{9A19103F-16F7-4668-BE54-9A1E7A4F7556}") = "StatsLibrary", "StatsLibrary\StatsLibrary.csproj", "{CF85952B-F6DF-4A92-85D3-256F7DA537F8}"
EndProject
Project("{9A19103F-16F7-4668-BE54-9A1E7A4F7556}") = "StatsApi", "StatsAPI\StatsApi.csproj", "{9ED7F16C-FD70-4F07-B439-37A682C609A3}"
EndProject
Global
	GlobalSection(SolutionConfigurationPlatforms) = preSolution
		Debug|Any CPU = Debug|Any CPU
		Release|Any CPU = Release|Any CPU
	EndGlobalSection
	GlobalSection(ProjectConfigurationPlatforms) = postSolution
		{CF85952B-F6DF-4A92-85D3-256F7DA537F8}.Debug|Any CPU.ActiveCfg = Debug|Any CPU
		{CF85952B-F6DF-4A92-85D3-256F7DA537F8}.Debug|Any CPU.Build.0 = Debug|Any CPU
		{CF85952B-F6DF-4A92-85D3-256F7DA537F8}.Release|Any CPU.ActiveCfg = Release|Any CPU
		{CF85952B-F6DF-4A92-85D3-256F7DA537F8}.Release|Any CPU.Build.0 = Release|Any CPU
		{9ED7F16C-FD70-4F07-B439-37A682C609A3}.Debug|Any CPU.ActiveCfg = Debug|Any CPU
		{9ED7F16C-FD70-4F07-B439-37A682C609A3}.Debug|Any CPU.Build.0 = Debug|Any CPU
		{9ED7F16C-FD70-4F07-B439-37A682C609A3}.Release|Any CPU.ActiveCfg = Release|Any CPU
		{9ED7F16C-FD70-4F07-B439-37A682C609A3}.Release|Any CPU.Build.0 = Release|Any CPU
	EndGlobalSection
	GlobalSection(SolutionProperties) = preSolution
		HideSolutionNode = FALSE
	EndGlobalSection
	GlobalSection(ExtensibilityGlobals) = postSolution
		SolutionGuid = {CBAD5916-A98F-405C-A84C-3B4099F83A95}
	EndGlobalSection
EndGlobal
